
Microsoft Visual Studio Solution File, Format Version 12.00
Project("{FAE04EC0-301F-11D3-BF4B-00C04F79EFBC}") = "RaylibGame", "RaylibGame\RaylibGame.csproj", "{D26AD143-E483-4380-94A5-21537ADCB582}"
EndProject
Global
	GlobalSection(SolutionConfigurationPlatforms) = preSolution
		Debug|Any CPU = Debug|Any CPU
		Release|Any CPU = Release|Any CPU
	EndGlobalSection
	GlobalSection(ProjectConfigurationPlatforms) = postSolution
		{D26AD143-E483-4380-94A5-21537ADCB582}.Debug|Any CPU.ActiveCfg = Debug|Any CPU
		{D26AD143-E483-4380-94A5-21537ADCB582}.Debug|Any CPU.Build.0 = Debug|Any CPU
		{D26AD143-E483-4380-94A5-21537ADCB582}.Release|Any CPU.ActiveCfg = Release|Any CPU
		{D26AD143-E483-4380-94A5-21537ADCB582}.Release|Any CPU.Build.0 = Release|Any CPU
	EndGlobalSection
EndGlobal
